// !$*UTF8*$!
{
	archiveVersion = 1;
	classes = {
	};
	objectVersion = 56;
	objects = {

/* Begin PBXBuildFile section */
		5678A28A2BF586FD004F1A10 /* Assets.xcassets in Resources */ = {isa = PBXBuildFile; fileRef = 5678A2892BF586FD004F1A10 /* Assets.xcassets */; };
		5678A28D2BF586FD004F1A10 /* Preview Assets.xcassets in Resources */ = {isa = PBXBuildFile; fileRef = 5678A28C2BF586FD004F1A10 /* Preview Assets.xcassets */; };
		5678A2972BF586FD004F1A10 /* The_Social_Running_AppTests.swift in Sources */ = {isa = PBXBuildFile; fileRef = 5678A2962BF586FD004F1A10 /* The_Social_Running_AppTests.swift */; };
		5678A2A12BF586FD004F1A10 /* The_Social_Running_AppUITests.swift in Sources */ = {isa = PBXBuildFile; fileRef = 5678A2A02BF586FD004F1A10 /* The_Social_Running_AppUITests.swift */; };
		5678A2A32BF586FD004F1A10 /* The_Social_Running_AppUITestsLaunchTests.swift in Sources */ = {isa = PBXBuildFile; fileRef = 5678A2A22BF586FD004F1A10 /* The_Social_Running_AppUITestsLaunchTests.swift */; };
		5678A2B12BF588D8004F1A10 /* RunningGroup.swift in Sources */ = {isa = PBXBuildFile; fileRef = 5678A2B02BF588D8004F1A10 /* RunningGroup.swift */; };
		567C999F2BF6BEE6004B7EE7 /* ClubsView.swift in Sources */ = {isa = PBXBuildFile; fileRef = 567C999E2BF6BEE6004B7EE7 /* ClubsView.swift */; };
		567C99A12BF6BF36004B7EE7 /* RunningGroupDetailView.swift in Sources */ = {isa = PBXBuildFile; fileRef = 567C99A02BF6BF36004B7EE7 /* RunningGroupDetailView.swift */; };
		567C99A52BF6C179004B7EE7 /* SampleData.swift in Sources */ = {isa = PBXBuildFile; fileRef = 567C99A42BF6C179004B7EE7 /* SampleData.swift */; };
		567C99A72C03A9D7004B7EE7 /* ProfileView.swift in Sources */ = {isa = PBXBuildFile; fileRef = 567C99A62C03A9D7004B7EE7 /* ProfileView.swift */; };
		567C99A92C03B569004B7EE7 /* UserProfile.swift in Sources */ = {isa = PBXBuildFile; fileRef = 567C99A82C03B569004B7EE7 /* UserProfile.swift */; };
		567C99AD2C03BBB7004B7EE7 /* RunningMatch.swift in Sources */ = {isa = PBXBuildFile; fileRef = 567C99AC2C03BBB7004B7EE7 /* RunningMatch.swift */; };
		567C99AF2C03C0B5004B7EE7 /* Match.swift in Sources */ = {isa = PBXBuildFile; fileRef = 567C99AE2C03C0B5004B7EE7 /* Match.swift */; };
		567C99B82C04DBB0004B7EE7 /* ContentView.swift in Sources */ = {isa = PBXBuildFile; fileRef = 567C99B72C04DBB0004B7EE7 /* ContentView.swift */; };
		567C99BA2C04DBC4004B7EE7 /* TheSocialRunningApp.swift in Sources */ = {isa = PBXBuildFile; fileRef = 567C99B92C04DBC4004B7EE7 /* TheSocialRunningApp.swift */; };
		567C99C02C04DFB0004B7EE7 /* SwiftUIView.swift in Sources */ = {isa = PBXBuildFile; fileRef = 567C99BF2C04DFB0004B7EE7 /* SwiftUIView.swift */; };
		567C99C22C04DFCD004B7EE7 /* MatchView.swift in Sources */ = {isa = PBXBuildFile; fileRef = 567C99C12C04DFCD004B7EE7 /* MatchView.swift */; };
		567C99C42C04E013004B7EE7 /* SampleGroupData.swift in Sources */ = {isa = PBXBuildFile; fileRef = 567C99C32C04E013004B7EE7 /* SampleGroupData.swift */; };
		567C99C62C04E383004B7EE7 /* RunningMatchView.swift in Sources */ = {isa = PBXBuildFile; fileRef = 567C99C52C04E382004B7EE7 /* RunningMatchView.swift */; };
		567C99C82C04E3CD004B7EE7 /* MatchDetailView.swift in Sources */ = {isa = PBXBuildFile; fileRef = 567C99C72C04E3CD004B7EE7 /* MatchDetailView.swift */; };
		567C99CA2C04E584004B7EE7 /* SampleRunningMatchData.swift in Sources */ = {isa = PBXBuildFile; fileRef = 567C99C92C04E584004B7EE7 /* SampleRunningMatchData.swift */; };
		567C99CC2C04E667004B7EE7 /* RunningMatchFormView.swift in Sources */ = {isa = PBXBuildFile; fileRef = 567C99CB2C04E667004B7EE7 /* RunningMatchFormView.swift */; };
		567C99D02C04EF44004B7EE7 /* SignupView.swift in Sources */ = {isa = PBXBuildFile; fileRef = 567C99CF2C04EF44004B7EE7 /* SignupView.swift */; };
		567C99D22C04EF9D004B7EE7 /* SelectCoactivityView.swift in Sources */ = {isa = PBXBuildFile; fileRef = 567C99D12C04EF9D004B7EE7 /* SelectCoactivityView.swift */; };
		567C99D42C04EFC0004B7EE7 /* CommunityOptionsView.swift in Sources */ = {isa = PBXBuildFile; fileRef = 567C99D32C04EFC0004B7EE7 /* CommunityOptionsView.swift */; };
		567C99D62C04FA33004B7EE7 /* UserInfoFormView.swift in Sources */ = {isa = PBXBuildFile; fileRef = 567C99D52C04FA33004B7EE7 /* UserInfoFormView.swift */; };
		567C99D92C0550B9004B7EE7 /* sampleProfiles.swift in Sources */ = {isa = PBXBuildFile; fileRef = 567C99D82C0550B9004B7EE7 /* sampleProfiles.swift */; };
/* End PBXBuildFile section */

/* Begin PBXContainerItemProxy section */
		5678A2932BF586FD004F1A10 /* PBXContainerItemProxy */ = {
			isa = PBXContainerItemProxy;
			containerPortal = 5678A27A2BF586FC004F1A10 /* Project object */;
			proxyType = 1;
			remoteGlobalIDString = 5678A2812BF586FC004F1A10;
			remoteInfo = "The Social Running App";
		};
		5678A29D2BF586FD004F1A10 /* PBXContainerItemProxy */ = {
			isa = PBXContainerItemProxy;
			containerPortal = 5678A27A2BF586FC004F1A10 /* Project object */;
			proxyType = 1;
			remoteGlobalIDString = 5678A2812BF586FC004F1A10;
			remoteInfo = "The Social Running App";
		};
/* End PBXContainerItemProxy section */

/* Begin PBXFileReference section */
		5678A2822BF586FC004F1A10 /* The Social Running App.app */ = {isa = PBXFileReference; explicitFileType = wrapper.application; includeInIndex = 0; path = "The Social Running App.app"; sourceTree = BUILT_PRODUCTS_DIR; };
		5678A2892BF586FD004F1A10 /* Assets.xcassets */ = {isa = PBXFileReference; lastKnownFileType = folder.assetcatalog; path = Assets.xcassets; sourceTree = "<group>"; };
		5678A28C2BF586FD004F1A10 /* Preview Assets.xcassets */ = {isa = PBXFileReference; lastKnownFileType = folder.assetcatalog; path = "Preview Assets.xcassets"; sourceTree = "<group>"; };
		5678A2922BF586FD004F1A10 /* The Social Running AppTests.xctest */ = {isa = PBXFileReference; explicitFileType = wrapper.cfbundle; includeInIndex = 0; path = "The Social Running AppTests.xctest"; sourceTree = BUILT_PRODUCTS_DIR; };
		5678A2962BF586FD004F1A10 /* The_Social_Running_AppTests.swift */ = {isa = PBXFileReference; lastKnownFileType = sourcecode.swift; path = The_Social_Running_AppTests.swift; sourceTree = "<group>"; };
		5678A29C2BF586FD004F1A10 /* The Social Running AppUITests.xctest */ = {isa = PBXFileReference; explicitFileType = wrapper.cfbundle; includeInIndex = 0; path = "The Social Running AppUITests.xctest"; sourceTree = BUILT_PRODUCTS_DIR; };
		5678A2A02BF586FD004F1A10 /* The_Social_Running_AppUITests.swift */ = {isa = PBXFileReference; lastKnownFileType = sourcecode.swift; path = The_Social_Running_AppUITests.swift; sourceTree = "<group>"; };
		5678A2A22BF586FD004F1A10 /* The_Social_Running_AppUITestsLaunchTests.swift */ = {isa = PBXFileReference; lastKnownFileType = sourcecode.swift; path = The_Social_Running_AppUITestsLaunchTests.swift; sourceTree = "<group>"; };
		5678A2B02BF588D8004F1A10 /* RunningGroup.swift */ = {isa = PBXFileReference; lastKnownFileType = sourcecode.swift; path = RunningGroup.swift; sourceTree = "<group>"; };
		567C999E2BF6BEE6004B7EE7 /* ClubsView.swift */ = {isa = PBXFileReference; lastKnownFileType = sourcecode.swift; path = ClubsView.swift; sourceTree = "<group>"; };
		567C99A02BF6BF36004B7EE7 /* RunningGroupDetailView.swift */ = {isa = PBXFileReference; lastKnownFileType = sourcecode.swift; path = RunningGroupDetailView.swift; sourceTree = "<group>"; };
		567C99A42BF6C179004B7EE7 /* SampleData.swift */ = {isa = PBXFileReference; lastKnownFileType = sourcecode.swift; path = SampleData.swift; sourceTree = "<group>"; };
		567C99A62C03A9D7004B7EE7 /* ProfileView.swift */ = {isa = PBXFileReference; lastKnownFileType = sourcecode.swift; path = ProfileView.swift; sourceTree = "<group>"; };
		567C99A82C03B569004B7EE7 /* UserProfile.swift */ = {isa = PBXFileReference; lastKnownFileType = sourcecode.swift; path = UserProfile.swift; sourceTree = "<group>"; };
		567C99AC2C03BBB7004B7EE7 /* RunningMatch.swift */ = {isa = PBXFileReference; lastKnownFileType = sourcecode.swift; path = RunningMatch.swift; sourceTree = "<group>"; };
		567C99AE2C03C0B5004B7EE7 /* Match.swift */ = {isa = PBXFileReference; lastKnownFileType = sourcecode.swift; path = Match.swift; sourceTree = "<group>"; };
		567C99B72C04DBB0004B7EE7 /* ContentView.swift */ = {isa = PBXFileReference; lastKnownFileType = sourcecode.swift; path = ContentView.swift; sourceTree = "<group>"; };
		567C99B92C04DBC4004B7EE7 /* TheSocialRunningApp.swift */ = {isa = PBXFileReference; lastKnownFileType = sourcecode.swift; path = TheSocialRunningApp.swift; sourceTree = "<group>"; };
		567C99BF2C04DFB0004B7EE7 /* SwiftUIView.swift */ = {isa = PBXFileReference; lastKnownFileType = sourcecode.swift; path = SwiftUIView.swift; sourceTree = "<group>"; };
		567C99C12C04DFCD004B7EE7 /* MatchView.swift */ = {isa = PBXFileReference; lastKnownFileType = sourcecode.swift; path = MatchView.swift; sourceTree = "<group>"; };
		567C99C32C04E013004B7EE7 /* SampleGroupData.swift */ = {isa = PBXFileReference; lastKnownFileType = sourcecode.swift; path = SampleGroupData.swift; sourceTree = "<group>"; };
		567C99C52C04E382004B7EE7 /* RunningMatchView.swift */ = {isa = PBXFileReference; lastKnownFileType = sourcecode.swift; path = RunningMatchView.swift; sourceTree = "<group>"; };
		567C99C72C04E3CD004B7EE7 /* MatchDetailView.swift */ = {isa = PBXFileReference; lastKnownFileType = sourcecode.swift; path = MatchDetailView.swift; sourceTree = "<group>"; };
		567C99C92C04E584004B7EE7 /* SampleRunningMatchData.swift */ = {isa = PBXFileReference; lastKnownFileType = sourcecode.swift; path = SampleRunningMatchData.swift; sourceTree = "<group>"; };
		567C99CB2C04E667004B7EE7 /* RunningMatchFormView.swift */ = {isa = PBXFileReference; lastKnownFileType = sourcecode.swift; path = RunningMatchFormView.swift; sourceTree = "<group>"; };
		567C99CF2C04EF44004B7EE7 /* SignupView.swift */ = {isa = PBXFileReference; lastKnownFileType = sourcecode.swift; path = SignupView.swift; sourceTree = "<group>"; };
		567C99D12C04EF9D004B7EE7 /* SelectCoactivityView.swift */ = {isa = PBXFileReference; lastKnownFileType = sourcecode.swift; path = SelectCoactivityView.swift; sourceTree = "<group>"; };
		567C99D32C04EFC0004B7EE7 /* CommunityOptionsView.swift */ = {isa = PBXFileReference; lastKnownFileType = sourcecode.swift; path = CommunityOptionsView.swift; sourceTree = "<group>"; };
		567C99D52C04FA33004B7EE7 /* UserInfoFormView.swift */ = {isa = PBXFileReference; lastKnownFileType = sourcecode.swift; path = UserInfoFormView.swift; sourceTree = "<group>"; };
		567C99D82C0550B9004B7EE7 /* sampleProfiles.swift */ = {isa = PBXFileReference; lastKnownFileType = sourcecode.swift; path = sampleProfiles.swift; sourceTree = "<group>"; };
/* End PBXFileReference section */

/* Begin PBXFrameworksBuildPhase section */
		5678A27F2BF586FC004F1A10 /* Frameworks */ = {
			isa = PBXFrameworksBuildPhase;
			buildActionMask = 2147483647;
			files = (
			);
			runOnlyForDeploymentPostprocessing = 0;
		};
		5678A28F2BF586FD004F1A10 /* Frameworks */ = {
			isa = PBXFrameworksBuildPhase;
			buildActionMask = 2147483647;
			files = (
			);
			runOnlyForDeploymentPostprocessing = 0;
		};
		5678A2992BF586FD004F1A10 /* Frameworks */ = {
			isa = PBXFrameworksBuildPhase;
			buildActionMask = 2147483647;
			files = (
			);
			runOnlyForDeploymentPostprocessing = 0;
		};
/* End PBXFrameworksBuildPhase section */

/* Begin PBXGroup section */
		5678A2792BF586FC004F1A10 = {
			isa = PBXGroup;
			children = (
				5678A2842BF586FC004F1A10 /* The Social Running App */,
				567C99BB2C04DC7A004B7EE7 /* Tests */,
				5678A2832BF586FC004F1A10 /* Products */,
			);
			sourceTree = "<group>";
		};
		5678A2832BF586FC004F1A10 /* Products */ = {
			isa = PBXGroup;
			children = (
				5678A2822BF586FC004F1A10 /* The Social Running App.app */,
				5678A2922BF586FD004F1A10 /* The Social Running AppTests.xctest */,
				5678A29C2BF586FD004F1A10 /* The Social Running AppUITests.xctest */,
			);
			name = Products;
			sourceTree = "<group>";
		};
		5678A2842BF586FC004F1A10 /* The Social Running App */ = {
			isa = PBXGroup;
			children = (
				567C99B62C04DB7C004B7EE7 /* SupportingFiles */,
				567C99B02C04D879004B7EE7 /* Code */,
				5678A28B2BF586FD004F1A10 /* Preview Content */,
				567C99A42BF6C179004B7EE7 /* SampleData.swift */,
			);
			path = "The Social Running App";
			sourceTree = "<group>";
		};
		5678A28B2BF586FD004F1A10 /* Preview Content */ = {
			isa = PBXGroup;
			children = (
				5678A28C2BF586FD004F1A10 /* Preview Assets.xcassets */,
			);
			path = "Preview Content";
			sourceTree = "<group>";
		};
		5678A2952BF586FD004F1A10 /* The Social Running AppTests */ = {
			isa = PBXGroup;
			children = (
				5678A29F2BF586FD004F1A10 /* The Social Running AppUITests */,
				5678A2962BF586FD004F1A10 /* The_Social_Running_AppTests.swift */,
			);
			path = "The Social Running AppTests";
			sourceTree = "<group>";
		};
		5678A29F2BF586FD004F1A10 /* The Social Running AppUITests */ = {
			isa = PBXGroup;
			children = (
				5678A2A02BF586FD004F1A10 /* The_Social_Running_AppUITests.swift */,
				5678A2A22BF586FD004F1A10 /* The_Social_Running_AppUITestsLaunchTests.swift */,
			);
			path = "The Social Running AppUITests";
			sourceTree = "<group>";
		};
		567C99B02C04D879004B7EE7 /* Code */ = {
			isa = PBXGroup;
			children = (
				567C99B12C04D887004B7EE7 /* Features */,
			);
			path = Code;
			sourceTree = "<group>";
		};
		567C99B12C04D887004B7EE7 /* Features */ = {
			isa = PBXGroup;
			children = (
				567C99B22C04D898004B7EE7 /* Signup */,
				567C99CE2C04E9D9004B7EE7 /* Profile */,
				567C99BD2C04DE26004B7EE7 /* FindClubs */,
				567C99B42C04D8AB004B7EE7 /* Home */,
				567C99B52C04D8B5004B7EE7 /* Settings */,
				567C99BC2C04DCBD004B7EE7 /* MatchWithFriends */,
			);
			path = Features;
			sourceTree = "<group>";
		};
		567C99B22C04D898004B7EE7 /* Signup */ = {
			isa = PBXGroup;
			children = (
				567C99B32C04D8A2004B7EE7 /* New Group */,
			);
			path = Signup;
			sourceTree = "<group>";
		};
		567C99B32C04D8A2004B7EE7 /* New Group */ = {
			isa = PBXGroup;
			children = (
				567C99CF2C04EF44004B7EE7 /* SignupView.swift */,
				567C99D52C04FA33004B7EE7 /* UserInfoFormView.swift */,
				567C99D12C04EF9D004B7EE7 /* SelectCoactivityView.swift */,
				567C99D32C04EFC0004B7EE7 /* CommunityOptionsView.swift */,
			);
			path = "New Group";
			sourceTree = "<group>";
		};
		567C99B42C04D8AB004B7EE7 /* Home */ = {
			isa = PBXGroup;
			children = (
				567C99BF2C04DFB0004B7EE7 /* SwiftUIView.swift */,
			);
			path = Home;
			sourceTree = "<group>";
		};
		567C99B52C04D8B5004B7EE7 /* Settings */ = {
			isa = PBXGroup;
			children = (
			);
			path = Settings;
			sourceTree = "<group>";
		};
		567C99B62C04DB7C004B7EE7 /* SupportingFiles */ = {
			isa = PBXGroup;
			children = (
				567C99B72C04DBB0004B7EE7 /* ContentView.swift */,
				567C99B92C04DBC4004B7EE7 /* TheSocialRunningApp.swift */,
				5678A2892BF586FD004F1A10 /* Assets.xcassets */,
			);
			path = SupportingFiles;
			sourceTree = "<group>";
		};
		567C99BB2C04DC7A004B7EE7 /* Tests */ = {
			isa = PBXGroup;
			children = (
				5678A2952BF586FD004F1A10 /* The Social Running AppTests */,
			);
			path = Tests;
			sourceTree = "<group>";
		};
		567C99BC2C04DCBD004B7EE7 /* MatchWithFriends */ = {
			isa = PBXGroup;
			children = (
				567C99C12C04DFCD004B7EE7 /* MatchView.swift */,
				567C99AC2C03BBB7004B7EE7 /* RunningMatch.swift */,
				567C99AE2C03C0B5004B7EE7 /* Match.swift */,
				567C99C52C04E382004B7EE7 /* RunningMatchView.swift */,
				567C99CB2C04E667004B7EE7 /* RunningMatchFormView.swift */,
				567C99C72C04E3CD004B7EE7 /* MatchDetailView.swift */,
				567C99C92C04E584004B7EE7 /* SampleRunningMatchData.swift */,
			);
			path = MatchWithFriends;
			sourceTree = "<group>";
		};
		567C99BD2C04DE26004B7EE7 /* FindClubs */ = {
			isa = PBXGroup;
			children = (
				5678A2B02BF588D8004F1A10 /* RunningGroup.swift */,
				567C99C32C04E013004B7EE7 /* SampleGroupData.swift */,
				567C99BE2C04DEC1004B7EE7 /* Views */,
			);
			path = FindClubs;
			sourceTree = "<group>";
		};
		567C99BE2C04DEC1004B7EE7 /* Views */ = {
			isa = PBXGroup;
			children = (
				567C999E2BF6BEE6004B7EE7 /* ClubsView.swift */,
				567C99A02BF6BF36004B7EE7 /* RunningGroupDetailView.swift */,
			);
			path = Views;
			sourceTree = "<group>";
		};
		567C99CE2C04E9D9004B7EE7 /* Profile */ = {
			isa = PBXGroup;
			children = (
				567C99A62C03A9D7004B7EE7 /* ProfileView.swift */,
				567C99A82C03B569004B7EE7 /* UserProfile.swift */,
				567C99D72C05509E004B7EE7 /* Sample Data */,
			);
			path = Profile;
			sourceTree = "<group>";
		};
		567C99D72C05509E004B7EE7 /* Sample Data */ = {
			isa = PBXGroup;
			children = (
				567C99D82C0550B9004B7EE7 /* sampleProfiles.swift */,
			);
			path = "Sample Data";
			sourceTree = "<group>";
		};
/* End PBXGroup section */

/* Begin PBXNativeTarget section */
		5678A2812BF586FC004F1A10 /* The Social Running App */ = {
			isa = PBXNativeTarget;
			buildConfigurationList = 5678A2A62BF586FD004F1A10 /* Build configuration list for PBXNativeTarget "The Social Running App" */;
			buildPhases = (
				5678A27E2BF586FC004F1A10 /* Sources */,
				5678A27F2BF586FC004F1A10 /* Frameworks */,
				5678A2802BF586FC004F1A10 /* Resources */,
			);
			buildRules = (
			);
			dependencies = (
			);
			name = "The Social Running App";
			productName = "The Social Running App";
			productReference = 5678A2822BF586FC004F1A10 /* The Social Running App.app */;
			productType = "com.apple.product-type.application";
		};
		5678A2912BF586FD004F1A10 /* The Social Running AppTests */ = {
			isa = PBXNativeTarget;
			buildConfigurationList = 5678A2A92BF586FD004F1A10 /* Build configuration list for PBXNativeTarget "The Social Running AppTests" */;
			buildPhases = (
				5678A28E2BF586FD004F1A10 /* Sources */,
				5678A28F2BF586FD004F1A10 /* Frameworks */,
				5678A2902BF586FD004F1A10 /* Resources */,
			);
			buildRules = (
			);
			dependencies = (
				5678A2942BF586FD004F1A10 /* PBXTargetDependency */,
			);
			name = "The Social Running AppTests";
			productName = "The Social Running AppTests";
			productReference = 5678A2922BF586FD004F1A10 /* The Social Running AppTests.xctest */;
			productType = "com.apple.product-type.bundle.unit-test";
		};
		5678A29B2BF586FD004F1A10 /* The Social Running AppUITests */ = {
			isa = PBXNativeTarget;
			buildConfigurationList = 5678A2AC2BF586FD004F1A10 /* Build configuration list for PBXNativeTarget "The Social Running AppUITests" */;
			buildPhases = (
				5678A2982BF586FD004F1A10 /* Sources */,
				5678A2992BF586FD004F1A10 /* Frameworks */,
				5678A29A2BF586FD004F1A10 /* Resources */,
			);
			buildRules = (
			);
			dependencies = (
				5678A29E2BF586FD004F1A10 /* PBXTargetDependency */,
			);
			name = "The Social Running AppUITests";
			productName = "The Social Running AppUITests";
			productReference = 5678A29C2BF586FD004F1A10 /* The Social Running AppUITests.xctest */;
			productType = "com.apple.product-type.bundle.ui-testing";
		};
/* End PBXNativeTarget section */

/* Begin PBXProject section */
		5678A27A2BF586FC004F1A10 /* Project object */ = {
			isa = PBXProject;
			attributes = {
				BuildIndependentTargetsInParallel = 1;
				LastSwiftUpdateCheck = 1420;
				LastUpgradeCheck = 1420;
				TargetAttributes = {
					5678A2812BF586FC004F1A10 = {
						CreatedOnToolsVersion = 14.2;
					};
					5678A2912BF586FD004F1A10 = {
						CreatedOnToolsVersion = 14.2;
						TestTargetID = 5678A2812BF586FC004F1A10;
					};
					5678A29B2BF586FD004F1A10 = {
						CreatedOnToolsVersion = 14.2;
						TestTargetID = 5678A2812BF586FC004F1A10;
					};
				};
			};
			buildConfigurationList = 5678A27D2BF586FC004F1A10 /* Build configuration list for PBXProject "The Social Running App" */;
			compatibilityVersion = "Xcode 14.0";
			developmentRegion = en;
			hasScannedForEncodings = 0;
			knownRegions = (
				en,
				Base,
			);
			mainGroup = 5678A2792BF586FC004F1A10;
			productRefGroup = 5678A2832BF586FC004F1A10 /* Products */;
			projectDirPath = "";
			projectRoot = "";
			targets = (
				5678A2812BF586FC004F1A10 /* The Social Running App */,
				5678A2912BF586FD004F1A10 /* The Social Running AppTests */,
				5678A29B2BF586FD004F1A10 /* The Social Running AppUITests */,
			);
		};
/* End PBXProject section */

/* Begin PBXResourcesBuildPhase section */
		5678A2802BF586FC004F1A10 /* Resources */ = {
			isa = PBXResourcesBuildPhase;
			buildActionMask = 2147483647;
			files = (
				5678A28D2BF586FD004F1A10 /* Preview Assets.xcassets in Resources */,
				5678A28A2BF586FD004F1A10 /* Assets.xcassets in Resources */,
			);
			runOnlyForDeploymentPostprocessing = 0;
		};
		5678A2902BF586FD004F1A10 /* Resources */ = {
			isa = PBXResourcesBuildPhase;
			buildActionMask = 2147483647;
			files = (
			);
			runOnlyForDeploymentPostprocessing = 0;
		};
		5678A29A2BF586FD004F1A10 /* Resources */ = {
			isa = PBXResourcesBuildPhase;
			buildActionMask = 2147483647;
			files = (
			);
			runOnlyForDeploymentPostprocessing = 0;
		};
/* End PBXResourcesBuildPhase section */

/* Begin PBXSourcesBuildPhase section */
		5678A27E2BF586FC004F1A10 /* Sources */ = {
			isa = PBXSourcesBuildPhase;
			buildActionMask = 2147483647;
			files = (
				567C99C02C04DFB0004B7EE7 /* SwiftUIView.swift in Sources */,
				567C99D92C0550B9004B7EE7 /* sampleProfiles.swift in Sources */,
				567C99B82C04DBB0004B7EE7 /* ContentView.swift in Sources */,
				567C99A92C03B569004B7EE7 /* UserProfile.swift in Sources */,
				567C99D02C04EF44004B7EE7 /* SignupView.swift in Sources */,
				567C99A72C03A9D7004B7EE7 /* ProfileView.swift in Sources */,
				567C99D22C04EF9D004B7EE7 /* SelectCoactivityView.swift in Sources */,
				5678A2B12BF588D8004F1A10 /* RunningGroup.swift in Sources */,
				567C99A12BF6BF36004B7EE7 /* RunningGroupDetailView.swift in Sources */,
				567C99BA2C04DBC4004B7EE7 /* TheSocialRunningApp.swift in Sources */,
				567C99C82C04E3CD004B7EE7 /* MatchDetailView.swift in Sources */,
				567C99C22C04DFCD004B7EE7 /* MatchView.swift in Sources */,
				567C99AD2C03BBB7004B7EE7 /* RunningMatch.swift in Sources */,
				567C99D62C04FA33004B7EE7 /* UserInfoFormView.swift in Sources */,
				567C99C62C04E383004B7EE7 /* RunningMatchView.swift in Sources */,
				567C99C42C04E013004B7EE7 /* SampleGroupData.swift in Sources */,
				567C99D42C04EFC0004B7EE7 /* CommunityOptionsView.swift in Sources */,
				567C99AF2C03C0B5004B7EE7 /* Match.swift in Sources */,
				567C99CA2C04E584004B7EE7 /* SampleRunningMatchData.swift in Sources */,
				567C999F2BF6BEE6004B7EE7 /* ClubsView.swift in Sources */,
				567C99CC2C04E667004B7EE7 /* RunningMatchFormView.swift in Sources */,
				567C99A52BF6C179004B7EE7 /* SampleData.swift in Sources */,
			);
			runOnlyForDeploymentPostprocessing = 0;
		};
		5678A28E2BF586FD004F1A10 /* Sources */ = {
			isa = PBXSourcesBuildPhase;
			buildActionMask = 2147483647;
			files = (
				5678A2972BF586FD004F1A10 /* The_Social_Running_AppTests.swift in Sources */,
			);
			runOnlyForDeploymentPostprocessing = 0;
		};
		5678A2982BF586FD004F1A10 /* Sources */ = {
			isa = PBXSourcesBuildPhase;
			buildActionMask = 2147483647;
			files = (
				5678A2A12BF586FD004F1A10 /* The_Social_Running_AppUITests.swift in Sources */,
				5678A2A32BF586FD004F1A10 /* The_Social_Running_AppUITestsLaunchTests.swift in Sources */,
			);
			runOnlyForDeploymentPostprocessing = 0;
		};
/* End PBXSourcesBuildPhase section */

/* Begin PBXTargetDependency section */
		5678A2942BF586FD004F1A10 /* PBXTargetDependency */ = {
			isa = PBXTargetDependency;
			target = 5678A2812BF586FC004F1A10 /* The Social Running App */;
			targetProxy = 5678A2932BF586FD004F1A10 /* PBXContainerItemProxy */;
		};
		5678A29E2BF586FD004F1A10 /* PBXTargetDependency */ = {
			isa = PBXTargetDependency;
			target = 5678A2812BF586FC004F1A10 /* The Social Running App */;
			targetProxy = 5678A29D2BF586FD004F1A10 /* PBXContainerItemProxy */;
		};
/* End PBXTargetDependency section */

/* Begin XCBuildConfiguration section */
		5678A2A42BF586FD004F1A10 /* Debug */ = {
			isa = XCBuildConfiguration;
			buildSettings = {
				ALWAYS_SEARCH_USER_PATHS = NO;
				CLANG_ANALYZER_NONNULL = YES;
				CLANG_ANALYZER_NUMBER_OBJECT_CONVERSION = YES_AGGRESSIVE;
				CLANG_CXX_LANGUAGE_STANDARD = "gnu++20";
				CLANG_ENABLE_MODULES = YES;
				CLANG_ENABLE_OBJC_ARC = YES;
				CLANG_ENABLE_OBJC_WEAK = YES;
				CLANG_WARN_BLOCK_CAPTURE_AUTORELEASING = YES;
				CLANG_WARN_BOOL_CONVERSION = YES;
				CLANG_WARN_COMMA = YES;
				CLANG_WARN_CONSTANT_CONVERSION = YES;
				CLANG_WARN_DEPRECATED_OBJC_IMPLEMENTATIONS = YES;
				CLANG_WARN_DIRECT_OBJC_ISA_USAGE = YES_ERROR;
				CLANG_WARN_DOCUMENTATION_COMMENTS = YES;
				CLANG_WARN_EMPTY_BODY = YES;
				CLANG_WARN_ENUM_CONVERSION = YES;
				CLANG_WARN_INFINITE_RECURSION = YES;
				CLANG_WARN_INT_CONVERSION = YES;
				CLANG_WARN_NON_LITERAL_NULL_CONVERSION = YES;
				CLANG_WARN_OBJC_IMPLICIT_RETAIN_SELF = YES;
				CLANG_WARN_OBJC_LITERAL_CONVERSION = YES;
				CLANG_WARN_OBJC_ROOT_CLASS = YES_ERROR;
				CLANG_WARN_QUOTED_INCLUDE_IN_FRAMEWORK_HEADER = YES;
				CLANG_WARN_RANGE_LOOP_ANALYSIS = YES;
				CLANG_WARN_STRICT_PROTOTYPES = YES;
				CLANG_WARN_SUSPICIOUS_MOVE = YES;
				CLANG_WARN_UNGUARDED_AVAILABILITY = YES_AGGRESSIVE;
				CLANG_WARN_UNREACHABLE_CODE = YES;
				CLANG_WARN__DUPLICATE_METHOD_MATCH = YES;
				COPY_PHASE_STRIP = NO;
				DEBUG_INFORMATION_FORMAT = dwarf;
				ENABLE_STRICT_OBJC_MSGSEND = YES;
				ENABLE_TESTABILITY = YES;
				GCC_C_LANGUAGE_STANDARD = gnu11;
				GCC_DYNAMIC_NO_PIC = NO;
				GCC_NO_COMMON_BLOCKS = YES;
				GCC_OPTIMIZATION_LEVEL = 0;
				GCC_PREPROCESSOR_DEFINITIONS = (
					"DEBUG=1",
					"$(inherited)",
				);
				GCC_WARN_64_TO_32_BIT_CONVERSION = YES;
				GCC_WARN_ABOUT_RETURN_TYPE = YES_ERROR;
				GCC_WARN_UNDECLARED_SELECTOR = YES;
				GCC_WARN_UNINITIALIZED_AUTOS = YES_AGGRESSIVE;
				GCC_WARN_UNUSED_FUNCTION = YES;
				GCC_WARN_UNUSED_VARIABLE = YES;
				IPHONEOS_DEPLOYMENT_TARGET = 16.2;
				MTL_ENABLE_DEBUG_INFO = INCLUDE_SOURCE;
				MTL_FAST_MATH = YES;
				ONLY_ACTIVE_ARCH = YES;
				SDKROOT = iphoneos;
				SWIFT_ACTIVE_COMPILATION_CONDITIONS = DEBUG;
				SWIFT_OPTIMIZATION_LEVEL = "-Onone";
			};
			name = Debug;
		};
		5678A2A52BF586FD004F1A10 /* Release */ = {
			isa = XCBuildConfiguration;
			buildSettings = {
				ALWAYS_SEARCH_USER_PATHS = NO;
				CLANG_ANALYZER_NONNULL = YES;
				CLANG_ANALYZER_NUMBER_OBJECT_CONVERSION = YES_AGGRESSIVE;
				CLANG_CXX_LANGUAGE_STANDARD = "gnu++20";
				CLANG_ENABLE_MODULES = YES;
				CLANG_ENABLE_OBJC_ARC = YES;
				CLANG_ENABLE_OBJC_WEAK = YES;
				CLANG_WARN_BLOCK_CAPTURE_AUTORELEASING = YES;
				CLANG_WARN_BOOL_CONVERSION = YES;
				CLANG_WARN_COMMA = YES;
				CLANG_WARN_CONSTANT_CONVERSION = YES;
				CLANG_WARN_DEPRECATED_OBJC_IMPLEMENTATIONS = YES;
				CLANG_WARN_DIRECT_OBJC_ISA_USAGE = YES_ERROR;
				CLANG_WARN_DOCUMENTATION_COMMENTS = YES;
				CLANG_WARN_EMPTY_BODY = YES;
				CLANG_WARN_ENUM_CONVERSION = YES;
				CLANG_WARN_INFINITE_RECURSION = YES;
				CLANG_WARN_INT_CONVERSION = YES;
				CLANG_WARN_NON_LITERAL_NULL_CONVERSION = YES;
				CLANG_WARN_OBJC_IMPLICIT_RETAIN_SELF = YES;
				CLANG_WARN_OBJC_LITERAL_CONVERSION = YES;
				CLANG_WARN_OBJC_ROOT_CLASS = YES_ERROR;
				CLANG_WARN_QUOTED_INCLUDE_IN_FRAMEWORK_HEADER = YES;
				CLANG_WARN_RANGE_LOOP_ANALYSIS = YES;
				CLANG_WARN_STRICT_PROTOTYPES = YES;
				CLANG_WARN_SUSPICIOUS_MOVE = YES;
				CLANG_WARN_UNGUARDED_AVAILABILITY = YES_AGGRESSIVE;
				CLANG_WARN_UNREACHABLE_CODE = YES;
				CLANG_WARN__DUPLICATE_METHOD_MATCH = YES;
				COPY_PHASE_STRIP = NO;
				DEBUG_INFORMATION_FORMAT = "dwarf-with-dsym";
				ENABLE_NS_ASSERTIONS = NO;
				ENABLE_STRICT_OBJC_MSGSEND = YES;
				GCC_C_LANGUAGE_STANDARD = gnu11;
				GCC_NO_COMMON_BLOCKS = YES;
				GCC_WARN_64_TO_32_BIT_CONVERSION = YES;
				GCC_WARN_ABOUT_RETURN_TYPE = YES_ERROR;
				GCC_WARN_UNDECLARED_SELECTOR = YES;
				GCC_WARN_UNINITIALIZED_AUTOS = YES_AGGRESSIVE;
				GCC_WARN_UNUSED_FUNCTION = YES;
				GCC_WARN_UNUSED_VARIABLE = YES;
				IPHONEOS_DEPLOYMENT_TARGET = 16.2;
				MTL_ENABLE_DEBUG_INFO = NO;
				MTL_FAST_MATH = YES;
				SDKROOT = iphoneos;
				SWIFT_COMPILATION_MODE = wholemodule;
				SWIFT_OPTIMIZATION_LEVEL = "-O";
				VALIDATE_PRODUCT = YES;
			};
			name = Release;
		};
		5678A2A72BF586FD004F1A10 /* Debug */ = {
			isa = XCBuildConfiguration;
			buildSettings = {
				ASSETCATALOG_COMPILER_APPICON_NAME = AppIcon;
				ASSETCATALOG_COMPILER_GLOBAL_ACCENT_COLOR_NAME = AccentColor;
				CODE_SIGN_STYLE = Automatic;
				CURRENT_PROJECT_VERSION = 1;
				DEVELOPMENT_ASSET_PATHS = "\"The Social Running App/Preview Content\"";
				ENABLE_PREVIEWS = YES;
				GENERATE_INFOPLIST_FILE = YES;
				INFOPLIST_KEY_UIApplicationSceneManifest_Generation = YES;
				INFOPLIST_KEY_UIApplicationSupportsIndirectInputEvents = YES;
				INFOPLIST_KEY_UILaunchScreen_Generation = YES;
				INFOPLIST_KEY_UISupportedInterfaceOrientations_iPad = "UIInterfaceOrientationPortrait UIInterfaceOrientationPortraitUpsideDown UIInterfaceOrientationLandscapeLeft UIInterfaceOrientationLandscapeRight";
				INFOPLIST_KEY_UISupportedInterfaceOrientations_iPhone = "UIInterfaceOrientationPortrait UIInterfaceOrientationLandscapeLeft UIInterfaceOrientationLandscapeRight";
				LD_RUNPATH_SEARCH_PATHS = (
					"$(inherited)",
					"@executable_path/Frameworks",
				);
				MARKETING_VERSION = 1.0;
				PRODUCT_BUNDLE_IDENTIFIER = "verda.The-Social-Running-App";
				PRODUCT_NAME = "$(TARGET_NAME)";
				SWIFT_EMIT_LOC_STRINGS = YES;
				SWIFT_VERSION = 5.0;
				TARGETED_DEVICE_FAMILY = "1,2";
			};
			name = Debug;
		};
		5678A2A82BF586FD004F1A10 /* Release */ = {
			isa = XCBuildConfiguration;
			buildSettings = {
				ASSETCATALOG_COMPILER_APPICON_NAME = AppIcon;
				ASSETCATALOG_COMPILER_GLOBAL_ACCENT_COLOR_NAME = AccentColor;
				CODE_SIGN_STYLE = Automatic;
				CURRENT_PROJECT_VERSION = 1;
				DEVELOPMENT_ASSET_PATHS = "\"The Social Running App/Preview Content\"";
				ENABLE_PREVIEWS = YES;
				GENERATE_INFOPLIST_FILE = YES;
				INFOPLIST_KEY_UIApplicationSceneManifest_Generation = YES;
				INFOPLIST_KEY_UIApplicationSupportsIndirectInputEvents = YES;
				INFOPLIST_KEY_UILaunchScreen_Generation = YES;
				INFOPLIST_KEY_UISupportedInterfaceOrientations_iPad = "UIInterfaceOrientationPortrait UIInterfaceOrientationPortraitUpsideDown UIInterfaceOrientationLandscapeLeft UIInterfaceOrientationLandscapeRight";
				INFOPLIST_KEY_UISupportedInterfaceOrientations_iPhone = "UIInterfaceOrientationPortrait UIInterfaceOrientationLandscapeLeft UIInterfaceOrientationLandscapeRight";
				LD_RUNPATH_SEARCH_PATHS = (
					"$(inherited)",
					"@executable_path/Frameworks",
				);
				MARKETING_VERSION = 1.0;
				PRODUCT_BUNDLE_IDENTIFIER = "verda.The-Social-Running-App";
				PRODUCT_NAME = "$(TARGET_NAME)";
				SWIFT_EMIT_LOC_STRINGS = YES;
				SWIFT_VERSION = 5.0;
				TARGETED_DEVICE_FAMILY = "1,2";
			};
			name = Release;
		};
		5678A2AA2BF586FD004F1A10 /* Debug */ = {
			isa = XCBuildConfiguration;
			buildSettings = {
				ALWAYS_EMBED_SWIFT_STANDARD_LIBRARIES = YES;
				BUNDLE_LOADER = "$(TEST_HOST)";
				CODE_SIGN_STYLE = Automatic;
				CURRENT_PROJECT_VERSION = 1;
				GENERATE_INFOPLIST_FILE = YES;
				IPHONEOS_DEPLOYMENT_TARGET = 16.2;
				MARKETING_VERSION = 1.0;
				PRODUCT_BUNDLE_IDENTIFIER = "verda.The-Social-Running-AppTests";
				PRODUCT_NAME = "$(TARGET_NAME)";
				SWIFT_EMIT_LOC_STRINGS = NO;
				SWIFT_VERSION = 5.0;
				TARGETED_DEVICE_FAMILY = "1,2";
				TEST_HOST = "$(BUILT_PRODUCTS_DIR)/The Social Running App.app/$(BUNDLE_EXECUTABLE_FOLDER_PATH)/The Social Running App";
			};
			name = Debug;
		};
		5678A2AB2BF586FD004F1A10 /* Release */ = {
			isa = XCBuildConfiguration;
			buildSettings = {
				ALWAYS_EMBED_SWIFT_STANDARD_LIBRARIES = YES;
				BUNDLE_LOADER = "$(TEST_HOST)";
				CODE_SIGN_STYLE = Automatic;
				CURRENT_PROJECT_VERSION = 1;
				GENERATE_INFOPLIST_FILE = YES;
				IPHONEOS_DEPLOYMENT_TARGET = 16.2;
				MARKETING_VERSION = 1.0;
				PRODUCT_BUNDLE_IDENTIFIER = "verda.The-Social-Running-AppTests";
				PRODUCT_NAME = "$(TARGET_NAME)";
				SWIFT_EMIT_LOC_STRINGS = NO;
				SWIFT_VERSION = 5.0;
				TARGETED_DEVICE_FAMILY = "1,2";
				TEST_HOST = "$(BUILT_PRODUCTS_DIR)/The Social Running App.app/$(BUNDLE_EXECUTABLE_FOLDER_PATH)/The Social Running App";
			};
			name = Release;
		};
		5678A2AD2BF586FD004F1A10 /* Debug */ = {
			isa = XCBuildConfiguration;
			buildSettings = {
				ALWAYS_EMBED_SWIFT_STANDARD_LIBRARIES = YES;
				CODE_SIGN_STYLE = Automatic;
				CURRENT_PROJECT_VERSION = 1;
				GENERATE_INFOPLIST_FILE = YES;
				MARKETING_VERSION = 1.0;
				PRODUCT_BUNDLE_IDENTIFIER = "verda.The-Social-Running-AppUITests";
				PRODUCT_NAME = "$(TARGET_NAME)";
				SWIFT_EMIT_LOC_STRINGS = NO;
				SWIFT_VERSION = 5.0;
				TARGETED_DEVICE_FAMILY = "1,2";
				TEST_TARGET_NAME = "The Social Running App";
			};
			name = Debug;
		};
		5678A2AE2BF586FD004F1A10 /* Release */ = {
			isa = XCBuildConfiguration;
			buildSettings = {
				ALWAYS_EMBED_SWIFT_STANDARD_LIBRARIES = YES;
				CODE_SIGN_STYLE = Automatic;
				CURRENT_PROJECT_VERSION = 1;
				GENERATE_INFOPLIST_FILE = YES;
				MARKETING_VERSION = 1.0;
				PRODUCT_BUNDLE_IDENTIFIER = "verda.The-Social-Running-AppUITests";
				PRODUCT_NAME = "$(TARGET_NAME)";
				SWIFT_EMIT_LOC_STRINGS = NO;
				SWIFT_VERSION = 5.0;
				TARGETED_DEVICE_FAMILY = "1,2";
				TEST_TARGET_NAME = "The Social Running App";
			};
			name = Release;
		};
/* End XCBuildConfiguration section */

/* Begin XCConfigurationList section */
		5678A27D2BF586FC004F1A10 /* Build configuration list for PBXProject "The Social Running App" */ = {
			isa = XCConfigurationList;
			buildConfigurations = (
				5678A2A42BF586FD004F1A10 /* Debug */,
				5678A2A52BF586FD004F1A10 /* Release */,
			);
			defaultConfigurationIsVisible = 0;
			defaultConfigurationName = Release;
		};
		5678A2A62BF586FD004F1A10 /* Build configuration list for PBXNativeTarget "The Social Running App" */ = {
			isa = XCConfigurationList;
			buildConfigurations = (
				5678A2A72BF586FD004F1A10 /* Debug */,
				5678A2A82BF586FD004F1A10 /* Release */,
			);
			defaultConfigurationIsVisible = 0;
			defaultConfigurationName = Release;
		};
		5678A2A92BF586FD004F1A10 /* Build configuration list for PBXNativeTarget "The Social Running AppTests" */ = {
			isa = XCConfigurationList;
			buildConfigurations = (
				5678A2AA2BF586FD004F1A10 /* Debug */,
				5678A2AB2BF586FD004F1A10 /* Release */,
			);
			defaultConfigurationIsVisible = 0;
			defaultConfigurationName = Release;
		};
		5678A2AC2BF586FD004F1A10 /* Build configuration list for PBXNativeTarget "The Social Running AppUITests" */ = {
			isa = XCConfigurationList;
			buildConfigurations = (
				5678A2AD2BF586FD004F1A10 /* Debug */,
				5678A2AE2BF586FD004F1A10 /* Release */,
			);
			defaultConfigurationIsVisible = 0;
			defaultConfigurationName = Release;
		};
/* End XCConfigurationList section */
	};
	rootObject = 5678A27A2BF586FC004F1A10 /* Project object */;
}
