// !$*UTF8*$!
{
	archiveVersion = 1;
	classes = {
	};
	objectVersion = 56;
	objects = {

/* Begin PBXBuildFile section */
		5678A2862BF586FC004F1A10 /* The_Social_Running_AppApp.swift in Sources */ = {isa = PBXBuildFile; fileRef = 5678A2852BF586FC004F1A10 /* The_Social_Running_AppApp.swift */; };
		5678A2882BF586FC004F1A10 /* ContentView.swift in Sources */ = {isa = PBXBuildFile; fileRef = 5678A2872BF586FC004F1A10 /* ContentView.swift */; };
		5678A28A2BF586FD004F1A10 /* Assets.xcassets in Resources */ = {isa = PBXBuildFile; fileRef = 5678A2892BF586FD004F1A10 /* Assets.xcassets */; };
		5678A28D2BF586FD004F1A10 /* Preview Assets.xcassets in Resources */ = {isa = PBXBuildFile; fileRef = 5678A28C2BF586FD004F1A10 /* Preview Assets.xcassets */; };
		5678A2972BF586FD004F1A10 /* The_Social_Running_AppTests.swift in Sources */ = {isa = PBXBuildFile; fileRef = 5678A2962BF586FD004F1A10 /* The_Social_Running_AppTests.swift */; };
		5678A2A12BF586FD004F1A10 /* The_Social_Running_AppUITests.swift in Sources */ = {isa = PBXBuildFile; fileRef = 5678A2A02BF586FD004F1A10 /* The_Social_Running_AppUITests.swift */; };
		5678A2A32BF586FD004F1A10 /* The_Social_Running_AppUITestsLaunchTests.swift in Sources */ = {isa = PBXBuildFile; fileRef = 5678A2A22BF586FD004F1A10 /* The_Social_Running_AppUITestsLaunchTests.swift */; };
/* End PBXBuildFile section */

/* Begin PBXContainerItemProxy section */
		5678A2932BF586FD004F1A10 /* PBXContainerItemProxy */ = {
			isa = PBXContainerItemProxy;
			containerPortal = 5678A27A2BF586FC004F1A10 /* Project object */;
			proxyType = 1;
			remoteGlobalIDString = 5678A2812BF586FC004F1A10;
			remoteInfo = "The Social Running App";
		};
		5678A29D2BF586FD004F1A10 /* PBXContainerItemProxy */ = {
			isa = PBXContainerItemProxy;
			containerPortal = 5678A27A2BF586FC004F1A10 /* Project object */;
			proxyType = 1;
			remoteGlobalIDString = 5678A2812BF586FC004F1A10;
			remoteInfo = "The Social Running App";
		};
/* End PBXContainerItemProxy section */

/* Begin PBXFileReference section */
		5678A2822BF586FC004F1A10 /* The Social Running App.app */ = {isa = PBXFileReference; explicitFileType = wrapper.application; includeInIndex = 0; path = "The Social Running App.app"; sourceTree = BUILT_PRODUCTS_DIR; };
		5678A2852BF586FC004F1A10 /* The_Social_Running_AppApp.swift */ = {isa = PBXFileReference; lastKnownFileType = sourcecode.swift; path = The_Social_Running_AppApp.swift; sourceTree = "<group>"; };
		5678A2872BF586FC004F1A10 /* ContentView.swift */ = {isa = PBXFileReference; lastKnownFileType = sourcecode.swift; path = ContentView.swift; sourceTree = "<group>"; };
		5678A2892BF586FD004F1A10 /* Assets.xcassets */ = {isa = PBXFileReference; lastKnownFileType = folder.assetcatalog; path = Assets.xcassets; sourceTree = "<group>"; };
		5678A28C2BF586FD004F1A10 /* Preview Assets.xcassets */ = {isa = PBXFileReference; lastKnownFileType = folder.assetcatalog; path = "Preview Assets.xcassets"; sourceTree = "<group>"; };
		5678A2922BF586FD004F1A10 /* The Social Running AppTests.xctest */ = {isa = PBXFileReference; explicitFileType = wrapper.cfbundle; includeInIndex = 0; path = "The Social Running AppTests.xctest"; sourceTree = BUILT_PRODUCTS_DIR; };
		5678A2962BF586FD004F1A10 /* The_Social_Running_AppTests.swift */ = {isa = PBXFileReference; lastKnownFileType = sourcecode.swift; path = The_Social_Running_AppTests.swift; sourceTree = "<group>"; };
		5678A29C2BF586FD004F1A10 /* The Social Running AppUITests.xctest */ = {isa = PBXFileReference; explicitFileType = wrapper.cfbundle; includeInIndex = 0; path = "The Social Running AppUITests.xctest"; sourceTree = BUILT_PRODUCTS_DIR; };
		5678A2A02BF586FD004F1A10 /* The_Social_Running_AppUITests.swift */ = {isa = PBXFileReference; lastKnownFileType = sourcecode.swift; path = The_Social_Running_AppUITests.swift; sourceTree = "<group>"; };
		5678A2A22BF586FD004F1A10 /* The_Social_Running_AppUITestsLaunchTests.swift */ = {isa = PBXFileReference; lastKnownFileType = sourcecode.swift; path = The_Social_Running_AppUITestsLaunchTests.swift; sourceTree = "<group>"; };
/* End PBXFileReference section */

/* Begin PBXFrameworksBuildPhase section */
		5678A27F2BF586FC004F1A10 /* Frameworks */ = {
			isa = PBXFrameworksBuildPhase;
			buildActionMask = 2147483647;
			files = (
			);
			runOnlyForDeploymentPostprocessing = 0;
		};
		5678A28F2BF586FD004F1A10 /* Frameworks */ = {
			isa = PBXFrameworksBuildPhase;
			buildActionMask = 2147483647;
			files = (
			);
			runOnlyForDeploymentPostprocessing = 0;
		};
		5678A2992BF586FD004F1A10 /* Frameworks */ = {
			isa = PBXFrameworksBuildPhase;
			buildActionMask = 2147483647;
			files = (
			);
			runOnlyForDeploymentPostprocessing = 0;
		};
/* End PBXFrameworksBuildPhase section */

/* Begin PBXGroup section */
		5678A2792BF586FC004F1A10 = {
			isa = PBXGroup;
			children = (
				5678A2842BF586FC004F1A10 /* The Social Running App */,
				5678A2952BF586FD004F1A10 /* The Social Running AppTests */,
				5678A29F2BF586FD004F1A10 /* The Social Running AppUITests */,
				5678A2832BF586FC004F1A10 /* Products */,
			);
			sourceTree = "<group>";
		};
		5678A2832BF586FC004F1A10 /* Products */ = {
			isa = PBXGroup;
			children = (
				5678A2822BF586FC004F1A10 /* The Social Running App.app */,
				5678A2922BF586FD004F1A10 /* The Social Running AppTests.xctest */,
				5678A29C2BF586FD004F1A10 /* The Social Running AppUITests.xctest */,
			);
			name = Products;
			sourceTree = "<group>";
		};
		5678A2842BF586FC004F1A10 /* The Social Running App */ = {
			isa = PBXGroup;
			children = (
				5678A2852BF586FC004F1A10 /* The_Social_Running_AppApp.swift */,
				5678A2872BF586FC004F1A10 /* ContentView.swift */,
				5678A2892BF586FD004F1A10 /* Assets.xcassets */,
				5678A28B2BF586FD004F1A10 /* Preview Content */,
			);
			path = "The Social Running App";
			sourceTree = "<group>";
		};
		5678A28B2BF586FD004F1A10 /* Preview Content */ = {
			isa = PBXGroup;
			children = (
				5678A28C2BF586FD004F1A10 /* Preview Assets.xcassets */,
			);
			path = "Preview Content";
			sourceTree = "<group>";
		};
		5678A2952BF586FD004F1A10 /* The Social Running AppTests */ = {
			isa = PBXGroup;
			children = (
				5678A2962BF586FD004F1A10 /* The_Social_Running_AppTests.swift */,
			);
			path = "The Social Running AppTests";
			sourceTree = "<group>";
		};
		5678A29F2BF586FD004F1A10 /* The Social Running AppUITests */ = {
			isa = PBXGroup;
			children = (
				5678A2A02BF586FD004F1A10 /* The_Social_Running_AppUITests.swift */,
				5678A2A22BF586FD004F1A10 /* The_Social_Running_AppUITestsLaunchTests.swift */,
			);
			path = "The Social Running AppUITests";
			sourceTree = "<group>";
		};
/* End PBXGroup section */

/* Begin PBXNativeTarget section */
		5678A2812BF586FC004F1A10 /* The Social Running App */ = {
			isa = PBXNativeTarget;
			buildConfigurationList = 5678A2A62BF586FD004F1A10 /* Build configuration list for PBXNativeTarget "The Social Running App" */;
			buildPhases = (
				5678A27E2BF586FC004F1A10 /* Sources */,
				5678A27F2BF586FC004F1A10 /* Frameworks */,
				5678A2802BF586FC004F1A10 /* Resources */,
			);
			buildRules = (
			);
			dependencies = (
			);
			name = "The Social Running App";
			productName = "The Social Running App";
			productReference = 5678A2822BF586FC004F1A10 /* The Social Running App.app */;
			productType = "com.apple.product-type.application";
		};
		5678A2912BF586FD004F1A10 /* The Social Running AppTests */ = {
			isa = PBXNativeTarget;
			buildConfigurationList = 5678A2A92BF586FD004F1A10 /* Build configuration list for PBXNativeTarget "The Social Running AppTests" */;
			buildPhases = (
				5678A28E2BF586FD004F1A10 /* Sources */,
				5678A28F2BF586FD004F1A10 /* Frameworks */,
				5678A2902BF586FD004F1A10 /* Resources */,
			);
			buildRules = (
			);
			dependencies = (
				5678A2942BF586FD004F1A10 /* PBXTargetDependency */,
			);
			name = "The Social Running AppTests";
			productName = "The Social Running AppTests";
			productReference = 5678A2922BF586FD004F1A10 /* The Social Running AppTests.xctest */;
			productType = "com.apple.product-type.bundle.unit-test";
		};
		5678A29B2BF586FD004F1A10 /* The Social Running AppUITests */ = {
			isa = PBXNativeTarget;
			buildConfigurationList = 5678A2AC2BF586FD004F1A10 /* Build configuration list for PBXNativeTarget "The Social Running AppUITests" */;
			buildPhases = (
				5678A2982BF586FD004F1A10 /* Sources */,
				5678A2992BF586FD004F1A10 /* Frameworks */,
				5678A29A2BF586FD004F1A10 /* Resources */,
			);
			buildRules = (
			);
			dependencies = (
				5678A29E2BF586FD004F1A10 /* PBXTargetDependency */,
			);
			name = "The Social Running AppUITests";
			productName = "The Social Running AppUITests";
			productReference = 5678A29C2BF586FD004F1A10 /* The Social Running AppUITests.xctest */;
			productType = "com.apple.product-type.bundle.ui-testing";
		};
/* End PBXNativeTarget section */

/* Begin PBXProject section */
		5678A27A2BF586FC004F1A10 /* Project object */ = {
			isa = PBXProject;
			attributes = {
				BuildIndependentTargetsInParallel = 1;
				LastSwiftUpdateCheck = 1420;
				LastUpgradeCheck = 1420;
				TargetAttributes = {
					5678A2812BF586FC004F1A10 = {
						CreatedOnToolsVersion = 14.2;
					};
					5678A2912BF586FD004F1A10 = {
						CreatedOnToolsVersion = 14.2;
						TestTargetID = 5678A2812BF586FC004F1A10;
					};
					5678A29B2BF586FD004F1A10 = {
						CreatedOnToolsVersion = 14.2;
						TestTargetID = 5678A2812BF586FC004F1A10;
					};
				};
			};
			buildConfigurationList = 5678A27D2BF586FC004F1A10 /* Build configuration list for PBXProject "The Social Running App" */;
			compatibilityVersion = "Xcode 14.0";
			developmentRegion = en;
			hasScannedForEncodings = 0;
			knownRegions = (
				en,
				Base,
			);
			mainGroup = 5678A2792BF586FC004F1A10;
			productRefGroup = 5678A2832BF586FC004F1A10 /* Products */;
			projectDirPath = "";
			projectRoot = "";
			targets = (
				5678A2812BF586FC004F1A10 /* The Social Running App */,
				5678A2912BF586FD004F1A10 /* The Social Running AppTests */,
				5678A29B2BF586FD004F1A10 /* The Social Running AppUITests */,
			);
		};
/* End PBXProject section */

/* Begin PBXResourcesBuildPhase section */
		5678A2802BF586FC004F1A10 /* Resources */ = {
			isa = PBXResourcesBuildPhase;
			buildActionMask = 2147483647;
			files = (
				5678A28D2BF586FD004F1A10 /* Preview Assets.xcassets in Resources */,
				5678A28A2BF586FD004F1A10 /* Assets.xcassets in Resources */,
			);
			runOnlyForDeploymentPostprocessing = 0;
		};
		5678A2902BF586FD004F1A10 /* Resources */ = {
			isa = PBXResourcesBuildPhase;
			buildActionMask = 2147483647;
			files = (
			);
			runOnlyForDeploymentPostprocessing = 0;
		};
		5678A29A2BF586FD004F1A10 /* Resources */ = {
			isa = PBXResourcesBuildPhase;
			buildActionMask = 2147483647;
			files = (
			);
			runOnlyForDeploymentPostprocessing = 0;
		};
/* End PBXResourcesBuildPhase section */

/* Begin PBXSourcesBuildPhase section */
		5678A27E2BF586FC004F1A10 /* Sources */ = {
			isa = PBXSourcesBuildPhase;
			buildActionMask = 2147483647;
			files = (
				5678A2882BF586FC004F1A10 /* ContentView.swift in Sources */,
				5678A2862BF586FC004F1A10 /* The_Social_Running_AppApp.swift in Sources */,
			);
			runOnlyForDeploymentPostprocessing = 0;
		};
		5678A28E2BF586FD004F1A10 /* Sources */ = {
			isa = PBXSourcesBuildPhase;
			buildActionMask = 2147483647;
			files = (
				5678A2972BF586FD004F1A10 /* The_Social_Running_AppTests.swift in Sources */,
			);
			runOnlyForDeploymentPostprocessing = 0;
		};
		5678A2982BF586FD004F1A10 /* Sources */ = {
			isa = PBXSourcesBuildPhase;
			buildActionMask = 2147483647;
			files = (
				5678A2A12BF586FD004F1A10 /* The_Social_Running_AppUITests.swift in Sources */,
				5678A2A32BF586FD004F1A10 /* The_Social_Running_AppUITestsLaunchTests.swift in Sources */,
			);
			runOnlyForDeploymentPostprocessing = 0;
		};
/* End PBXSourcesBuildPhase section */

/* Begin PBXTargetDependency section */
		5678A2942BF586FD004F1A10 /* PBXTargetDependency */ = {
			isa = PBXTargetDependency;
			target = 5678A2812BF586FC004F1A10 /* The Social Running App */;
			targetProxy = 5678A2932BF586FD004F1A10 /* PBXContainerItemProxy */;
		};
		5678A29E2BF586FD004F1A10 /* PBXTargetDependency */ = {
			isa = PBXTargetDependency;
			target = 5678A2812BF586FC004F1A10 /* The Social Running App */;
			targetProxy = 5678A29D2BF586FD004F1A10 /* PBXContainerItemProxy */;
		};
/* End PBXTargetDependency section */

/* Begin XCBuildConfiguration section */
		5678A2A42BF586FD004F1A10 /* Debug */ = {
			isa = XCBuildConfiguration;
			buildSettings = {
				ALWAYS_SEARCH_USER_PATHS = NO;
				CLANG_ANALYZER_NONNULL = YES;
				CLANG_ANALYZER_NUMBER_OBJECT_CONVERSION = YES_AGGRESSIVE;
				CLANG_CXX_LANGUAGE_STANDARD = "gnu++20";
				CLANG_ENABLE_MODULES = YES;
				CLANG_ENABLE_OBJC_ARC = YES;
				CLANG_ENABLE_OBJC_WEAK = YES;
				CLANG_WARN_BLOCK_CAPTURE_AUTORELEASING = YES;
				CLANG_WARN_BOOL_CONVERSION = YES;
				CLANG_WARN_COMMA = YES;
				CLANG_WARN_CONSTANT_CONVERSION = YES;
				CLANG_WARN_DEPRECATED_OBJC_IMPLEMENTATIONS = YES;
				CLANG_WARN_DIRECT_OBJC_ISA_USAGE = YES_ERROR;
				CLANG_WARN_DOCUMENTATION_COMMENTS = YES;
				CLANG_WARN_EMPTY_BODY = YES;
				CLANG_WARN_ENUM_CONVERSION = YES;
				CLANG_WARN_INFINITE_RECURSION = YES;
				CLANG_WARN_INT_CONVERSION = YES;
				CLANG_WARN_NON_LITERAL_NULL_CONVERSION = YES;
				CLANG_WARN_OBJC_IMPLICIT_RETAIN_SELF = YES;
				CLANG_WARN_OBJC_LITERAL_CONVERSION = YES;
				CLANG_WARN_OBJC_ROOT_CLASS = YES_ERROR;
				CLANG_WARN_QUOTED_INCLUDE_IN_FRAMEWORK_HEADER = YES;
				CLANG_WARN_RANGE_LOOP_ANALYSIS = YES;
				CLANG_WARN_STRICT_PROTOTYPES = YES;
				CLANG_WARN_SUSPICIOUS_MOVE = YES;
				CLANG_WARN_UNGUARDED_AVAILABILITY = YES_AGGRESSIVE;
				CLANG_WARN_UNREACHABLE_CODE = YES;
				CLANG_WARN__DUPLICATE_METHOD_MATCH = YES;
				COPY_PHASE_STRIP = NO;
				DEBUG_INFORMATION_FORMAT = dwarf;
				ENABLE_STRICT_OBJC_MSGSEND = YES;
				ENABLE_TESTABILITY = YES;
				GCC_C_LANGUAGE_STANDARD = gnu11;
				GCC_DYNAMIC_NO_PIC = NO;
				GCC_NO_COMMON_BLOCKS = YES;
				GCC_OPTIMIZATION_LEVEL = 0;
				GCC_PREPROCESSOR_DEFINITIONS = (
					"DEBUG=1",
					"$(inherited)",
				);
				GCC_WARN_64_TO_32_BIT_CONVERSION = YES;
				GCC_WARN_ABOUT_RETURN_TYPE = YES_ERROR;
				GCC_WARN_UNDECLARED_SELECTOR = YES;
				GCC_WARN_UNINITIALIZED_AUTOS = YES_AGGRESSIVE;
				GCC_WARN_UNUSED_FUNCTION = YES;
				GCC_WARN_UNUSED_VARIABLE = YES;
				IPHONEOS_DEPLOYMENT_TARGET = 16.2;
				MTL_ENABLE_DEBUG_INFO = INCLUDE_SOURCE;
				MTL_FAST_MATH = YES;
				ONLY_ACTIVE_ARCH = YES;
				SDKROOT = iphoneos;
				SWIFT_ACTIVE_COMPILATION_CONDITIONS = DEBUG;
				SWIFT_OPTIMIZATION_LEVEL = "-Onone";
			};
			name = Debug;
		};
		5678A2A52BF586FD004F1A10 /* Release */ = {
			isa = XCBuildConfiguration;
			buildSettings = {
				ALWAYS_SEARCH_USER_PATHS = NO;
				CLANG_ANALYZER_NONNULL = YES;
				CLANG_ANALYZER_NUMBER_OBJECT_CONVERSION = YES_AGGRESSIVE;
				CLANG_CXX_LANGUAGE_STANDARD = "gnu++20";
				CLANG_ENABLE_MODULES = YES;
				CLANG_ENABLE_OBJC_ARC = YES;
				CLANG_ENABLE_OBJC_WEAK = YES;
				CLANG_WARN_BLOCK_CAPTURE_AUTORELEASING = YES;
				CLANG_WARN_BOOL_CONVERSION = YES;
				CLANG_WARN_COMMA = YES;
				CLANG_WARN_CONSTANT_CONVERSION = YES;
				CLANG_WARN_DEPRECATED_OBJC_IMPLEMENTATIONS = YES;
				CLANG_WARN_DIRECT_OBJC_ISA_USAGE = YES_ERROR;
				CLANG_WARN_DOCUMENTATION_COMMENTS = YES;
				CLANG_WARN_EMPTY_BODY = YES;
				CLANG_WARN_ENUM_CONVERSION = YES;
				CLANG_WARN_INFINITE_RECURSION = YES;
				CLANG_WARN_INT_CONVERSION = YES;
				CLANG_WARN_NON_LITERAL_NULL_CONVERSION = YES;
				CLANG_WARN_OBJC_IMPLICIT_RETAIN_SELF = YES;
				CLANG_WARN_OBJC_LITERAL_CONVERSION = YES;
				CLANG_WARN_OBJC_ROOT_CLASS = YES_ERROR;
				CLANG_WARN_QUOTED_INCLUDE_IN_FRAMEWORK_HEADER = YES;
				CLANG_WARN_RANGE_LOOP_ANALYSIS = YES;
				CLANG_WARN_STRICT_PROTOTYPES = YES;
				CLANG_WARN_SUSPICIOUS_MOVE = YES;
				CLANG_WARN_UNGUARDED_AVAILABILITY = YES_AGGRESSIVE;
				CLANG_WARN_UNREACHABLE_CODE = YES;
				CLANG_WARN__DUPLICATE_METHOD_MATCH = YES;
				COPY_PHASE_STRIP = NO;
				DEBUG_INFORMATION_FORMAT = "dwarf-with-dsym";
				ENABLE_NS_ASSERTIONS = NO;
				ENABLE_STRICT_OBJC_MSGSEND = YES;
				GCC_C_LANGUAGE_STANDARD = gnu11;
				GCC_NO_COMMON_BLOCKS = YES;
				GCC_WARN_64_TO_32_BIT_CONVERSION = YES;
				GCC_WARN_ABOUT_RETURN_TYPE = YES_ERROR;
				GCC_WARN_UNDECLARED_SELECTOR = YES;
				GCC_WARN_UNINITIALIZED_AUTOS = YES_AGGRESSIVE;
				GCC_WARN_UNUSED_FUNCTION = YES;
				GCC_WARN_UNUSED_VARIABLE = YES;
				IPHONEOS_DEPLOYMENT_TARGET = 16.2;
				MTL_ENABLE_DEBUG_INFO = NO;
				MTL_FAST_MATH = YES;
				SDKROOT = iphoneos;
				SWIFT_COMPILATION_MODE = wholemodule;
				SWIFT_OPTIMIZATION_LEVEL = "-O";
				VALIDATE_PRODUCT = YES;
			};
			name = Release;
		};
		5678A2A72BF586FD004F1A10 /* Debug */ = {
			isa = XCBuildConfiguration;
			buildSettings = {
				ASSETCATALOG_COMPILER_APPICON_NAME = AppIcon;
				ASSETCATALOG_COMPILER_GLOBAL_ACCENT_COLOR_NAME = AccentColor;
				CODE_SIGN_STYLE = Automatic;
				CURRENT_PROJECT_VERSION = 1;
				DEVELOPMENT_ASSET_PATHS = "\"The Social Running App/Preview Content\"";
				ENABLE_PREVIEWS = YES;
				GENERATE_INFOPLIST_FILE = YES;
				INFOPLIST_KEY_UIApplicationSceneManifest_Generation = YES;
				INFOPLIST_KEY_UIApplicationSupportsIndirectInputEvents = YES;
				INFOPLIST_KEY_UILaunchScreen_Generation = YES;
				INFOPLIST_KEY_UISupportedInterfaceOrientations_iPad = "UIInterfaceOrientationPortrait UIInterfaceOrientationPortraitUpsideDown UIInterfaceOrientationLandscapeLeft UIInterfaceOrientationLandscapeRight";
				INFOPLIST_KEY_UISupportedInterfaceOrientations_iPhone = "UIInterfaceOrientationPortrait UIInterfaceOrientationLandscapeLeft UIInterfaceOrientationLandscapeRight";
				LD_RUNPATH_SEARCH_PATHS = (
					"$(inherited)",
					"@executable_path/Frameworks",
				);
				MARKETING_VERSION = 1.0;
				PRODUCT_BUNDLE_IDENTIFIER = "verda.The-Social-Running-App";
				PRODUCT_NAME = "$(TARGET_NAME)";
				SWIFT_EMIT_LOC_STRINGS = YES;
				SWIFT_VERSION = 5.0;
				TARGETED_DEVICE_FAMILY = "1,2";
			};
			name = Debug;
		};
		5678A2A82BF586FD004F1A10 /* Release */ = {
			isa = XCBuildConfiguration;
			buildSettings = {
				ASSETCATALOG_COMPILER_APPICON_NAME = AppIcon;
				ASSETCATALOG_COMPILER_GLOBAL_ACCENT_COLOR_NAME = AccentColor;
				CODE_SIGN_STYLE = Automatic;
				CURRENT_PROJECT_VERSION = 1;
				DEVELOPMENT_ASSET_PATHS = "\"The Social Running App/Preview Content\"";
				ENABLE_PREVIEWS = YES;
				GENERATE_INFOPLIST_FILE = YES;
				INFOPLIST_KEY_UIApplicationSceneManifest_Generation = YES;
				INFOPLIST_KEY_UIApplicationSupportsIndirectInputEvents = YES;
				INFOPLIST_KEY_UILaunchScreen_Generation = YES;
				INFOPLIST_KEY_UISupportedInterfaceOrientations_iPad = "UIInterfaceOrientationPortrait UIInterfaceOrientationPortraitUpsideDown UIInterfaceOrientationLandscapeLeft UIInterfaceOrientationLandscapeRight";
				INFOPLIST_KEY_UISupportedInterfaceOrientations_iPhone = "UIInterfaceOrientationPortrait UIInterfaceOrientationLandscapeLeft UIInterfaceOrientationLandscapeRight";
				LD_RUNPATH_SEARCH_PATHS = (
					"$(inherited)",
					"@executable_path/Frameworks",
				);
				MARKETING_VERSION = 1.0;
				PRODUCT_BUNDLE_IDENTIFIER = "verda.The-Social-Running-App";
				PRODUCT_NAME = "$(TARGET_NAME)";
				SWIFT_EMIT_LOC_STRINGS = YES;
				SWIFT_VERSION = 5.0;
				TARGETED_DEVICE_FAMILY = "1,2";
			};
			name = Release;
		};
		5678A2AA2BF586FD004F1A10 /* Debug */ = {
			isa = XCBuildConfiguration;
			buildSettings = {
				ALWAYS_EMBED_SWIFT_STANDARD_LIBRARIES = YES;
				BUNDLE_LOADER = "$(TEST_HOST)";
				CODE_SIGN_STYLE = Automatic;
				CURRENT_PROJECT_VERSION = 1;
				GENERATE_INFOPLIST_FILE = YES;
				IPHONEOS_DEPLOYMENT_TARGET = 16.2;
				MARKETING_VERSION = 1.0;
				PRODUCT_BUNDLE_IDENTIFIER = "verda.The-Social-Running-AppTests";
				PRODUCT_NAME = "$(TARGET_NAME)";
				SWIFT_EMIT_LOC_STRINGS = NO;
				SWIFT_VERSION = 5.0;
				TARGETED_DEVICE_FAMILY = "1,2";
				TEST_HOST = "$(BUILT_PRODUCTS_DIR)/The Social Running App.app/$(BUNDLE_EXECUTABLE_FOLDER_PATH)/The Social Running App";
			};
			name = Debug;
		};
		5678A2AB2BF586FD004F1A10 /* Release */ = {
			isa = XCBuildConfiguration;
			buildSettings = {
				ALWAYS_EMBED_SWIFT_STANDARD_LIBRARIES = YES;
				BUNDLE_LOADER = "$(TEST_HOST)";
				CODE_SIGN_STYLE = Automatic;
				CURRENT_PROJECT_VERSION = 1;
				GENERATE_INFOPLIST_FILE = YES;
				IPHONEOS_DEPLOYMENT_TARGET = 16.2;
				MARKETING_VERSION = 1.0;
				PRODUCT_BUNDLE_IDENTIFIER = "verda.The-Social-Running-AppTests";
				PRODUCT_NAME = "$(TARGET_NAME)";
				SWIFT_EMIT_LOC_STRINGS = NO;
				SWIFT_VERSION = 5.0;
				TARGETED_DEVICE_FAMILY = "1,2";
				TEST_HOST = "$(BUILT_PRODUCTS_DIR)/The Social Running App.app/$(BUNDLE_EXECUTABLE_FOLDER_PATH)/The Social Running App";
			};
			name = Release;
		};
		5678A2AD2BF586FD004F1A10 /* Debug */ = {
			isa = XCBuildConfiguration;
			buildSettings = {
				ALWAYS_EMBED_SWIFT_STANDARD_LIBRARIES = YES;
				CODE_SIGN_STYLE = Automatic;
				CURRENT_PROJECT_VERSION = 1;
				GENERATE_INFOPLIST_FILE = YES;
				MARKETING_VERSION = 1.0;
				PRODUCT_BUNDLE_IDENTIFIER = "verda.The-Social-Running-AppUITests";
				PRODUCT_NAME = "$(TARGET_NAME)";
				SWIFT_EMIT_LOC_STRINGS = NO;
				SWIFT_VERSION = 5.0;
				TARGETED_DEVICE_FAMILY = "1,2";
				TEST_TARGET_NAME = "The Social Running App";
			};
			name = Debug;
		};
		5678A2AE2BF586FD004F1A10 /* Release */ = {
			isa = XCBuildConfiguration;
			buildSettings = {
				ALWAYS_EMBED_SWIFT_STANDARD_LIBRARIES = YES;
				CODE_SIGN_STYLE = Automatic;
				CURRENT_PROJECT_VERSION = 1;
				GENERATE_INFOPLIST_FILE = YES;
				MARKETING_VERSION = 1.0;
				PRODUCT_BUNDLE_IDENTIFIER = "verda.The-Social-Running-AppUITests";
				PRODUCT_NAME = "$(TARGET_NAME)";
				SWIFT_EMIT_LOC_STRINGS = NO;
				SWIFT_VERSION = 5.0;
				TARGETED_DEVICE_FAMILY = "1,2";
				TEST_TARGET_NAME = "The Social Running App";
			};
			name = Release;
		};
/* End XCBuildConfiguration section */

/* Begin XCConfigurationList section */
		5678A27D2BF586FC004F1A10 /* Build configuration list for PBXProject "The Social Running App" */ = {
			isa = XCConfigurationList;
			buildConfigurations = (
				5678A2A42BF586FD004F1A10 /* Debug */,
				5678A2A52BF586FD004F1A10 /* Release */,
			);
			defaultConfigurationIsVisible = 0;
			defaultConfigurationName = Release;
		};
		5678A2A62BF586FD004F1A10 /* Build configuration list for PBXNativeTarget "The Social Running App" */ = {
			isa = XCConfigurationList;
			buildConfigurations = (
				5678A2A72BF586FD004F1A10 /* Debug */,
				5678A2A82BF586FD004F1A10 /* Release */,
			);
			defaultConfigurationIsVisible = 0;
			defaultConfigurationName = Release;
		};
		5678A2A92BF586FD004F1A10 /* Build configuration list for PBXNativeTarget "The Social Running AppTests" */ = {
			isa = XCConfigurationList;
			buildConfigurations = (
				5678A2AA2BF586FD004F1A10 /* Debug */,
				5678A2AB2BF586FD004F1A10 /* Release */,
			);
			defaultConfigurationIsVisible = 0;
			defaultConfigurationName = Release;
		};
		5678A2AC2BF586FD004F1A10 /* Build configuration list for PBXNativeTarget "The Social Running AppUITests" */ = {
			isa = XCConfigurationList;
			buildConfigurations = (
				5678A2AD2BF586FD004F1A10 /* Debug */,
				5678A2AE2BF586FD004F1A10 /* Release */,
			);
			defaultConfigurationIsVisible = 0;
			defaultConfigurationName = Release;
		};
/* End XCConfigurationList section */
	};
	rootObject = 5678A27A2BF586FC004F1A10 /* Project object */;
}
